
Microsoft Visual Studio Solution File, Format Version 12.00
# Visual Studio Version 17
VisualStudioVersion = 17.0.31903.59
MinimumVisualStudioVersion = 10.0.40219.1
Project("{9A19103F-16F7-4668-BE54-9A1E7A4F7556}") = "AllForOne", "AllForOne\AllForOne.csproj", "{33D7DDB2-BC4C-4F52-A631-661FCCE4ACBA}"
EndProject
Project("{2150E333-8FDC-42A3-9474-1A3956D46DE8}") = ".nuget", ".nuget", "{3A3A12E1-B276-4F33-AC6D-4E22C5CC5249}"
EndProject
Project("{2150E333-8FDC-42A3-9474-1A3956D46DE8}") = "App", "App", "{94FFC83E-B49C-45F2-8747-A18F6029EC78}"
EndProject
Project("{2150E333-8FDC-42A3-9474-1A3956D46DE8}") = ".SharedAssemblyInfo", ".SharedAssemblyInfo", "{86171625-BABD-45B1-9C93-44F298B3180A}"
	ProjectSection(SolutionItems) = preProject
		SharedAssemblyInfo\SharedAssemblyInfo.cs = SharedAssemblyInfo\SharedAssemblyInfo.cs
	EndProjectSection
EndProject
Global
	GlobalSection(SolutionConfigurationPlatforms) = preSolution
		Debug|Any CPU = Debug|Any CPU
		Release|Any CPU = Release|Any CPU
	EndGlobalSection
	GlobalSection(ProjectConfigurationPlatforms) = postSolution
		{33D7DDB2-BC4C-4F52-A631-661FCCE4ACBA}.Debug|Any CPU.ActiveCfg = Debug|Any CPU
		{33D7DDB2-BC4C-4F52-A631-661FCCE4ACBA}.Debug|Any CPU.Build.0 = Debug|Any CPU
		{33D7DDB2-BC4C-4F52-A631-661FCCE4ACBA}.Release|Any CPU.ActiveCfg = Release|Any CPU
		{33D7DDB2-BC4C-4F52-A631-661FCCE4ACBA}.Release|Any CPU.Build.0 = Release|Any CPU
	EndGlobalSection
	GlobalSection(SolutionProperties) = preSolution
		HideSolutionNode = FALSE
	EndGlobalSection
	GlobalSection(NestedProjects) = preSolution
		{33D7DDB2-BC4C-4F52-A631-661FCCE4ACBA} = {94FFC83E-B49C-45F2-8747-A18F6029EC78}
	EndGlobalSection
	GlobalSection(ExtensibilityGlobals) = postSolution
		SolutionGuid = {DAC683D1-131D-4D39-BBC2-52D3486A1155}
	EndGlobalSection
EndGlobal
